
Microsoft Visual Studio Solution File, Format Version 12.00
# Visual Studio Version 16
VisualStudioVersion = 16.0.32413.511
MinimumVisualStudioVersion = 10.0.40219.1
Project("{FAE04EC0-301F-11D3-BF4B-00C04F79EFBC}") = "dsMovie", "dsMovie\dsMovie.csproj", "{66709759-9117-4FF7-9D56-68A75244AF76}"
EndProject
Global
	GlobalSection(SolutionConfigurationPlatforms) = preSolution
		Debug|Any CPU = Debug|Any CPU
		Release|Any CPU = Release|Any CPU
	EndGlobalSection
	GlobalSection(ProjectConfigurationPlatforms) = postSolution
		{66709759-9117-4FF7-9D56-68A75244AF76}.Debug|Any CPU.ActiveCfg = Debug|Any CPU
		{66709759-9117-4FF7-9D56-68A75244AF76}.Debug|Any CPU.Build.0 = Debug|Any CPU
		{66709759-9117-4FF7-9D56-68A75244AF76}.Release|Any CPU.ActiveCfg = Release|Any CPU
		{66709759-9117-4FF7-9D56-68A75244AF76}.Release|Any CPU.Build.0 = Release|Any CPU
	EndGlobalSection
	GlobalSection(SolutionProperties) = preSolution
		HideSolutionNode = FALSE
	EndGlobalSection
	GlobalSection(ExtensibilityGlobals) = postSolution
		SolutionGuid = {9EE07658-0740-4E9C-99EA-81F8AFDAB221}
	EndGlobalSection
EndGlobal
